
Microsoft Visual Studio Solution File, Format Version 12.00
# Visual Studio 15
Project("{FAE04EC0-301F-11D3-BF4B-00C04F79EFBC}") = "UnityEngine.TestRunner", "UnityEngine.TestRunner.csproj", "{A997F1D2-29B6-69B1-8C3E-8403404D62B7}"
EndProject
Project("{FAE04EC0-301F-11D3-BF4B-00C04F79EFBC}") = "UnityEngine.UI", "UnityEngine.UI.csproj", "{75D191B5-3329-9F5E-945B-61C9EE3783EA}"
EndProject
Project("{FAE04EC0-301F-11D3-BF4B-00C04F79EFBC}") = "Unity.Timeline", "Unity.Timeline.csproj", "{5218F19C-BA3D-0BCD-380B-8EE6E492DEF3}"
EndProject
Project("{FAE04EC0-301F-11D3-BF4B-00C04F79EFBC}") = "Unity.TextMeshPro", "Unity.TextMeshPro.csproj", "{89F0D9B3-361C-5BFC-F330-C9F7C4DC50A0}"
EndProject
Project("{FAE04EC0-301F-11D3-BF4B-00C04F79EFBC}") = "Assembly-CSharp", "Assembly-CSharp.csproj", "{31EA003C-1CF9-D946-A919-8AC5ED6BE76A}"
EndProject
Project("{FAE04EC0-301F-11D3-BF4B-00C04F79EFBC}") = "UnityEditor.TestRunner", "UnityEditor.TestRunner.csproj", "{31A8A28A-C955-55CA-F23B-B7CD439FBE8B}"
EndProject
Project("{FAE04EC0-301F-11D3-BF4B-00C04F79EFBC}") = "Unity.PlasticSCM.Editor", "Unity.PlasticSCM.Editor.csproj", "{E59C51F2-2420-23CB-4DD3-2ABD4143677C}"
EndProject
Project("{FAE04EC0-301F-11D3-BF4B-00C04F79EFBC}") = "UnityEditor.UI", "UnityEditor.UI.csproj", "{8C046274-5271-1154-4FE0-18BD6248A8CD}"
EndProject
Project("{FAE04EC0-301F-11D3-BF4B-00C04F79EFBC}") = "Unity.Services.Core.Editor", "Unity.Services.Core.Editor.csproj", "{6B0BBC62-6223-B060-0428-6B06DBBFEBE9}"
EndProject
Project("{FAE04EC0-301F-11D3-BF4B-00C04F79EFBC}") = "Unity.Timeline.Editor", "Unity.Timeline.Editor.csproj", "{F2F3A828-4063-9AB3-D069-5C284D4A4399}"
EndProject
Project("{FAE04EC0-301F-11D3-BF4B-00C04F79EFBC}") = "Unity.VisualStudio.Editor", "Unity.VisualStudio.Editor.csproj", "{CF9E975A-5382-B54C-8F59-CBF0C4567711}"
EndProject
Project("{FAE04EC0-301F-11D3-BF4B-00C04F79EFBC}") = "Unity.TextMeshPro.Editor", "Unity.TextMeshPro.Editor.csproj", "{30A0FA5B-CDD1-8502-7557-C10569CDE19A}"
EndProject
Project("{FAE04EC0-301F-11D3-BF4B-00C04F79EFBC}") = "Unity.CollabProxy.Editor", "Unity.CollabProxy.Editor.csproj", "{073AF664-1E42-C5B3-29C3-7F5F48B12350}"
EndProject
Project("{FAE04EC0-301F-11D3-BF4B-00C04F79EFBC}") = "Unity.Rider.Editor", "Unity.Rider.Editor.csproj", "{63C88D27-7E0B-A5B2-ED6D-505FEF3D3346}"
EndProject
Project("{FAE04EC0-301F-11D3-BF4B-00C04F79EFBC}") = "Unity.VSCode.Editor", "Unity.VSCode.Editor.csproj", "{9099D5D8-763D-3E4D-8C54-A18587287872}"
EndProject
Project("{FAE04EC0-301F-11D3-BF4B-00C04F79EFBC}") = "Assembly-CSharp-Editor", "Assembly-CSharp-Editor.csproj", "{A1309D70-B6F5-52CF-F13A-A13D5A30ED55}"
EndProject
Project("{FAE04EC0-301F-11D3-BF4B-00C04F79EFBC}") = "UnityEngine.TestRunner", "UnityEngine.TestRunner.Player.csproj", "{2CDB13C0-F816-57D6-0DD2-E2FDFAF5ABA1}"
EndProject
Project("{FAE04EC0-301F-11D3-BF4B-00C04F79EFBC}") = "UnityEngine.UI", "UnityEngine.UI.Player.csproj", "{6D2A9F92-19A6-95C6-2C88-689726495EF5}"
EndProject
Project("{FAE04EC0-301F-11D3-BF4B-00C04F79EFBC}") = "Unity.Timeline", "Unity.Timeline.Player.csproj", "{B21B2935-B912-6FDE-4F11-294BA57F2ABF}"
EndProject
Project("{FAE04EC0-301F-11D3-BF4B-00C04F79EFBC}") = "Unity.TextMeshPro", "Unity.TextMeshPro.Player.csproj", "{DB77DB1B-26A5-3172-2697-D333CA11C7CB}"
EndProject
Project("{FAE04EC0-301F-11D3-BF4B-00C04F79EFBC}") = "Assembly-CSharp", "Assembly-CSharp.Player.csproj", "{91C48BF5-EC11-4CAF-0196-6B59B6736B3A}"
EndProject
Global
	GlobalSection(SolutionConfigurationPlatforms) = preSolution
		Debug|Any CPU = Debug|Any CPU
		Release|Any CPU = Release|Any CPU
	EndGlobalSection
	GlobalSection(ProjectConfigurationPlatforms) = postSolution
		{A997F1D2-29B6-69B1-8C3E-8403404D62B7}.Debug|Any CPU.ActiveCfg = Debug|Any CPU
		{A997F1D2-29B6-69B1-8C3E-8403404D62B7}.Debug|Any CPU.Build.0 = Debug|Any CPU
		{A997F1D2-29B6-69B1-8C3E-8403404D62B7}.Release|Any CPU.ActiveCfg = Release|Any CPU
		{A997F1D2-29B6-69B1-8C3E-8403404D62B7}.Release|Any CPU.Build.0 = Release|Any CPU
		{75D191B5-3329-9F5E-945B-61C9EE3783EA}.Debug|Any CPU.ActiveCfg = Debug|Any CPU
		{75D191B5-3329-9F5E-945B-61C9EE3783EA}.Debug|Any CPU.Build.0 = Debug|Any CPU
		{75D191B5-3329-9F5E-945B-61C9EE3783EA}.Release|Any CPU.ActiveCfg = Release|Any CPU
		{75D191B5-3329-9F5E-945B-61C9EE3783EA}.Release|Any CPU.Build.0 = Release|Any CPU
		{5218F19C-BA3D-0BCD-380B-8EE6E492DEF3}.Debug|Any CPU.ActiveCfg = Debug|Any CPU
		{5218F19C-BA3D-0BCD-380B-8EE6E492DEF3}.Debug|Any CPU.Build.0 = Debug|Any CPU
		{5218F19C-BA3D-0BCD-380B-8EE6E492DEF3}.Release|Any CPU.ActiveCfg = Release|Any CPU
		{5218F19C-BA3D-0BCD-380B-8EE6E492DEF3}.Release|Any CPU.Build.0 = Release|Any CPU
		{89F0D9B3-361C-5BFC-F330-C9F7C4DC50A0}.Debug|Any CPU.ActiveCfg = Debug|Any CPU
		{89F0D9B3-361C-5BFC-F330-C9F7C4DC50A0}.Debug|Any CPU.Build.0 = Debug|Any CPU
		{89F0D9B3-361C-5BFC-F330-C9F7C4DC50A0}.Release|Any CPU.ActiveCfg = Release|Any CPU
		{89F0D9B3-361C-5BFC-F330-C9F7C4DC50A0}.Release|Any CPU.Build.0 = Release|Any CPU
		{31EA003C-1CF9-D946-A919-8AC5ED6BE76A}.Debug|Any CPU.ActiveCfg = Debug|Any CPU
		{31EA003C-1CF9-D946-A919-8AC5ED6BE76A}.Debug|Any CPU.Build.0 = Debug|Any CPU
		{31EA003C-1CF9-D946-A919-8AC5ED6BE76A}.Release|Any CPU.ActiveCfg = Release|Any CPU
		{31EA003C-1CF9-D946-A919-8AC5ED6BE76A}.Release|Any CPU.Build.0 = Release|Any CPU
		{31A8A28A-C955-55CA-F23B-B7CD439FBE8B}.Debug|Any CPU.ActiveCfg = Debug|Any CPU
		{31A8A28A-C955-55CA-F23B-B7CD439FBE8B}.Debug|Any CPU.Build.0 = Debug|Any CPU
		{31A8A28A-C955-55CA-F23B-B7CD439FBE8B}.Release|Any CPU.ActiveCfg = Release|Any CPU
		{31A8A28A-C955-55CA-F23B-B7CD439FBE8B}.Release|Any CPU.Build.0 = Release|Any CPU
		{E59C51F2-2420-23CB-4DD3-2ABD4143677C}.Debug|Any CPU.ActiveCfg = Debug|Any CPU
		{E59C51F2-2420-23CB-4DD3-2ABD4143677C}.Debug|Any CPU.Build.0 = Debug|Any CPU
		{E59C51F2-2420-23CB-4DD3-2ABD4143677C}.Release|Any CPU.ActiveCfg = Release|Any CPU
		{E59C51F2-2420-23CB-4DD3-2ABD4143677C}.Release|Any CPU.Build.0 = Release|Any CPU
		{8C046274-5271-1154-4FE0-18BD6248A8CD}.Debug|Any CPU.ActiveCfg = Debug|Any CPU
		{8C046274-5271-1154-4FE0-18BD6248A8CD}.Debug|Any CPU.Build.0 = Debug|Any CPU
		{8C046274-5271-1154-4FE0-18BD6248A8CD}.Release|Any CPU.ActiveCfg = Release|Any CPU
		{8C046274-5271-1154-4FE0-18BD6248A8CD}.Release|Any CPU.Build.0 = Release|Any CPU
		{6B0BBC62-6223-B060-0428-6B06DBBFEBE9}.Debug|Any CPU.ActiveCfg = Debug|Any CPU
		{6B0BBC62-6223-B060-0428-6B06DBBFEBE9}.Debug|Any CPU.Build.0 = Debug|Any CPU
		{6B0BBC62-6223-B060-0428-6B06DBBFEBE9}.Release|Any CPU.ActiveCfg = Release|Any CPU
		{6B0BBC62-6223-B060-0428-6B06DBBFEBE9}.Release|Any CPU.Build.0 = Release|Any CPU
		{F2F3A828-4063-9AB3-D069-5C284D4A4399}.Debug|Any CPU.ActiveCfg = Debug|Any CPU
		{F2F3A828-4063-9AB3-D069-5C284D4A4399}.Debug|Any CPU.Build.0 = Debug|Any CPU
		{F2F3A828-4063-9AB3-D069-5C284D4A4399}.Release|Any CPU.ActiveCfg = Release|Any CPU
		{F2F3A828-4063-9AB3-D069-5C284D4A4399}.Release|Any CPU.Build.0 = Release|Any CPU
		{CF9E975A-5382-B54C-8F59-CBF0C4567711}.Debug|Any CPU.ActiveCfg = Debug|Any CPU
		{CF9E975A-5382-B54C-8F59-CBF0C4567711}.Debug|Any CPU.Build.0 = Debug|Any CPU
		{CF9E975A-5382-B54C-8F59-CBF0C4567711}.Release|Any CPU.ActiveCfg = Release|Any CPU
		{CF9E975A-5382-B54C-8F59-CBF0C4567711}.Release|Any CPU.Build.0 = Release|Any CPU
		{30A0FA5B-CDD1-8502-7557-C10569CDE19A}.Debug|Any CPU.ActiveCfg = Debug|Any CPU
		{30A0FA5B-CDD1-8502-7557-C10569CDE19A}.Debug|Any CPU.Build.0 = Debug|Any CPU
		{30A0FA5B-CDD1-8502-7557-C10569CDE19A}.Release|Any CPU.ActiveCfg = Release|Any CPU
		{30A0FA5B-CDD1-8502-7557-C10569CDE19A}.Release|Any CPU.Build.0 = Release|Any CPU
		{073AF664-1E42-C5B3-29C3-7F5F48B12350}.Debug|Any CPU.ActiveCfg = Debug|Any CPU
		{073AF664-1E42-C5B3-29C3-7F5F48B12350}.Debug|Any CPU.Build.0 = Debug|Any CPU
		{073AF664-1E42-C5B3-29C3-7F5F48B12350}.Release|Any CPU.ActiveCfg = Release|Any CPU
		{073AF664-1E42-C5B3-29C3-7F5F48B12350}.Release|Any CPU.Build.0 = Release|Any CPU
		{63C88D27-7E0B-A5B2-ED6D-505FEF3D3346}.Debug|Any CPU.ActiveCfg = Debug|Any CPU
		{63C88D27-7E0B-A5B2-ED6D-505FEF3D3346}.Debug|Any CPU.Build.0 = Debug|Any CPU
		{63C88D27-7E0B-A5B2-ED6D-505FEF3D3346}.Release|Any CPU.ActiveCfg = Release|Any CPU
		{63C88D27-7E0B-A5B2-ED6D-505FEF3D3346}.Release|Any CPU.Build.0 = Release|Any CPU
		{9099D5D8-763D-3E4D-8C54-A18587287872}.Debug|Any CPU.ActiveCfg = Debug|Any CPU
		{9099D5D8-763D-3E4D-8C54-A18587287872}.Debug|Any CPU.Build.0 = Debug|Any CPU
		{9099D5D8-763D-3E4D-8C54-A18587287872}.Release|Any CPU.ActiveCfg = Release|Any CPU
		{9099D5D8-763D-3E4D-8C54-A18587287872}.Release|Any CPU.Build.0 = Release|Any CPU
		{A1309D70-B6F5-52CF-F13A-A13D5A30ED55}.Debug|Any CPU.ActiveCfg = Debug|Any CPU
		{A1309D70-B6F5-52CF-F13A-A13D5A30ED55}.Debug|Any CPU.Build.0 = Debug|Any CPU
		{A1309D70-B6F5-52CF-F13A-A13D5A30ED55}.Release|Any CPU.ActiveCfg = Release|Any CPU
		{A1309D70-B6F5-52CF-F13A-A13D5A30ED55}.Release|Any CPU.Build.0 = Release|Any CPU
		{2CDB13C0-F816-57D6-0DD2-E2FDFAF5ABA1}.Debug|Any CPU.ActiveCfg = Debug|Any CPU
		{2CDB13C0-F816-57D6-0DD2-E2FDFAF5ABA1}.Debug|Any CPU.Build.0 = Debug|Any CPU
		{2CDB13C0-F816-57D6-0DD2-E2FDFAF5ABA1}.Release|Any CPU.ActiveCfg = Release|Any CPU
		{2CDB13C0-F816-57D6-0DD2-E2FDFAF5ABA1}.Release|Any CPU.Build.0 = Release|Any CPU
		{6D2A9F92-19A6-95C6-2C88-689726495EF5}.Debug|Any CPU.ActiveCfg = Debug|Any CPU
		{6D2A9F92-19A6-95C6-2C88-689726495EF5}.Debug|Any CPU.Build.0 = Debug|Any CPU
		{6D2A9F92-19A6-95C6-2C88-689726495EF5}.Release|Any CPU.ActiveCfg = Release|Any CPU
		{6D2A9F92-19A6-95C6-2C88-689726495EF5}.Release|Any CPU.Build.0 = Release|Any CPU
		{B21B2935-B912-6FDE-4F11-294BA57F2ABF}.Debug|Any CPU.ActiveCfg = Debug|Any CPU
		{B21B2935-B912-6FDE-4F11-294BA57F2ABF}.Debug|Any CPU.Build.0 = Debug|Any CPU
		{B21B2935-B912-6FDE-4F11-294BA57F2ABF}.Release|Any CPU.ActiveCfg = Release|Any CPU
		{B21B2935-B912-6FDE-4F11-294BA57F2ABF}.Release|Any CPU.Build.0 = Release|Any CPU
		{DB77DB1B-26A5-3172-2697-D333CA11C7CB}.Debug|Any CPU.ActiveCfg = Debug|Any CPU
		{DB77DB1B-26A5-3172-2697-D333CA11C7CB}.Debug|Any CPU.Build.0 = Debug|Any CPU
		{DB77DB1B-26A5-3172-2697-D333CA11C7CB}.Release|Any CPU.ActiveCfg = Release|Any CPU
		{DB77DB1B-26A5-3172-2697-D333CA11C7CB}.Release|Any CPU.Build.0 = Release|Any CPU
		{91C48BF5-EC11-4CAF-0196-6B59B6736B3A}.Debug|Any CPU.ActiveCfg = Debug|Any CPU
		{91C48BF5-EC11-4CAF-0196-6B59B6736B3A}.Debug|Any CPU.Build.0 = Debug|Any CPU
		{91C48BF5-EC11-4CAF-0196-6B59B6736B3A}.Release|Any CPU.ActiveCfg = Release|Any CPU
		{91C48BF5-EC11-4CAF-0196-6B59B6736B3A}.Release|Any CPU.Build.0 = Release|Any CPU
	EndGlobalSection
	GlobalSection(SolutionProperties) = preSolution
		HideSolutionNode = FALSE
	EndGlobalSection
EndGlobal
